
Microsoft Visual Studio Solution File, Format Version 12.00
# Visual Studio Version 16
VisualStudioVersion = 16.0.31624.102
MinimumVisualStudioVersion = 10.0.40219.1
Project("{9A19103F-16F7-4668-BE54-9A1E7A4F7556}") = "dashboard-elite", "dashboard-elite\dashboard-elite.csproj", "{67168F6E-A82C-42AB-AAB5-F9D5DCE7908B}"
EndProject
Project("{FAE04EC0-301F-11D3-BF4B-00C04F79EFBC}") = "WindowsInput", "InputSimulatorPlus\WindowsInput\WindowsInput.csproj", "{3549CD6F-80F8-450F-B99E-CF0A736B1F2A}"
EndProject
Project("{FAE04EC0-301F-11D3-BF4B-00C04F79EFBC}") = "EliteJournalReader", "EliteJournalReader\EliteJournalReader.csproj", "{7790285B-E2EE-440B-8EA6-D27BBE6006D9}"
EndProject
Global
	GlobalSection(SolutionConfigurationPlatforms) = preSolution
		Debug EDDB|Any CPU = Debug EDDB|Any CPU
		Debug EDDB|x64 = Debug EDDB|x64
		Debug local|Any CPU = Debug local|Any CPU
		Debug local|x64 = Debug local|x64
		Debug|Any CPU = Debug|Any CPU
		Debug|x64 = Debug|x64
		Release|Any CPU = Release|Any CPU
		Release|x64 = Release|x64
	EndGlobalSection
	GlobalSection(ProjectConfigurationPlatforms) = postSolution
		{67168F6E-A82C-42AB-AAB5-F9D5DCE7908B}.Debug EDDB|Any CPU.ActiveCfg = Debug|Any CPU
		{67168F6E-A82C-42AB-AAB5-F9D5DCE7908B}.Debug EDDB|Any CPU.Build.0 = Debug|Any CPU
		{67168F6E-A82C-42AB-AAB5-F9D5DCE7908B}.Debug EDDB|x64.ActiveCfg = Debug|Any CPU
		{67168F6E-A82C-42AB-AAB5-F9D5DCE7908B}.Debug EDDB|x64.Build.0 = Debug|Any CPU
		{67168F6E-A82C-42AB-AAB5-F9D5DCE7908B}.Debug local|Any CPU.ActiveCfg = Debug|Any CPU
		{67168F6E-A82C-42AB-AAB5-F9D5DCE7908B}.Debug local|Any CPU.Build.0 = Debug|Any CPU
		{67168F6E-A82C-42AB-AAB5-F9D5DCE7908B}.Debug local|x64.ActiveCfg = Debug|Any CPU
		{67168F6E-A82C-42AB-AAB5-F9D5DCE7908B}.Debug local|x64.Build.0 = Debug|Any CPU
		{67168F6E-A82C-42AB-AAB5-F9D5DCE7908B}.Debug|Any CPU.ActiveCfg = Debug|Any CPU
		{67168F6E-A82C-42AB-AAB5-F9D5DCE7908B}.Debug|Any CPU.Build.0 = Debug|Any CPU
		{67168F6E-A82C-42AB-AAB5-F9D5DCE7908B}.Debug|x64.ActiveCfg = Debug|Any CPU
		{67168F6E-A82C-42AB-AAB5-F9D5DCE7908B}.Debug|x64.Build.0 = Debug|Any CPU
		{67168F6E-A82C-42AB-AAB5-F9D5DCE7908B}.Release|Any CPU.ActiveCfg = Release|Any CPU
		{67168F6E-A82C-42AB-AAB5-F9D5DCE7908B}.Release|Any CPU.Build.0 = Release|Any CPU
		{67168F6E-A82C-42AB-AAB5-F9D5DCE7908B}.Release|x64.ActiveCfg = Release|Any CPU
		{67168F6E-A82C-42AB-AAB5-F9D5DCE7908B}.Release|x64.Build.0 = Release|Any CPU
		{3549CD6F-80F8-450F-B99E-CF0A736B1F2A}.Debug EDDB|Any CPU.ActiveCfg = Debug|Any CPU
		{3549CD6F-80F8-450F-B99E-CF0A736B1F2A}.Debug EDDB|Any CPU.Build.0 = Debug|Any CPU
		{3549CD6F-80F8-450F-B99E-CF0A736B1F2A}.Debug EDDB|x64.ActiveCfg = Debug|Any CPU
		{3549CD6F-80F8-450F-B99E-CF0A736B1F2A}.Debug EDDB|x64.Build.0 = Debug|Any CPU
		{3549CD6F-80F8-450F-B99E-CF0A736B1F2A}.Debug local|Any CPU.ActiveCfg = Debug|Any CPU
		{3549CD6F-80F8-450F-B99E-CF0A736B1F2A}.Debug local|Any CPU.Build.0 = Debug|Any CPU
		{3549CD6F-80F8-450F-B99E-CF0A736B1F2A}.Debug local|x64.ActiveCfg = Debug|Any CPU
		{3549CD6F-80F8-450F-B99E-CF0A736B1F2A}.Debug local|x64.Build.0 = Debug|Any CPU
		{3549CD6F-80F8-450F-B99E-CF0A736B1F2A}.Debug|Any CPU.ActiveCfg = Debug|Any CPU
		{3549CD6F-80F8-450F-B99E-CF0A736B1F2A}.Debug|Any CPU.Build.0 = Debug|Any CPU
		{3549CD6F-80F8-450F-B99E-CF0A736B1F2A}.Debug|x64.ActiveCfg = Debug|Any CPU
		{3549CD6F-80F8-450F-B99E-CF0A736B1F2A}.Debug|x64.Build.0 = Debug|Any CPU
		{3549CD6F-80F8-450F-B99E-CF0A736B1F2A}.Release|Any CPU.ActiveCfg = Release|Any CPU
		{3549CD6F-80F8-450F-B99E-CF0A736B1F2A}.Release|Any CPU.Build.0 = Release|Any CPU
		{3549CD6F-80F8-450F-B99E-CF0A736B1F2A}.Release|x64.ActiveCfg = Release|Any CPU
		{3549CD6F-80F8-450F-B99E-CF0A736B1F2A}.Release|x64.Build.0 = Release|Any CPU
		{7790285B-E2EE-440B-8EA6-D27BBE6006D9}.Debug EDDB|Any CPU.ActiveCfg = Debug EDDB|Any CPU
		{7790285B-E2EE-440B-8EA6-D27BBE6006D9}.Debug EDDB|Any CPU.Build.0 = Debug EDDB|Any CPU
		{7790285B-E2EE-440B-8EA6-D27BBE6006D9}.Debug EDDB|x64.ActiveCfg = Debug EDDB|x64
		{7790285B-E2EE-440B-8EA6-D27BBE6006D9}.Debug EDDB|x64.Build.0 = Debug EDDB|x64
		{7790285B-E2EE-440B-8EA6-D27BBE6006D9}.Debug local|Any CPU.ActiveCfg = Debug local|Any CPU
		{7790285B-E2EE-440B-8EA6-D27BBE6006D9}.Debug local|Any CPU.Build.0 = Debug local|Any CPU
		{7790285B-E2EE-440B-8EA6-D27BBE6006D9}.Debug local|x64.ActiveCfg = Debug local|x64
		{7790285B-E2EE-440B-8EA6-D27BBE6006D9}.Debug local|x64.Build.0 = Debug local|x64
		{7790285B-E2EE-440B-8EA6-D27BBE6006D9}.Debug|Any CPU.ActiveCfg = Debug|Any CPU
		{7790285B-E2EE-440B-8EA6-D27BBE6006D9}.Debug|Any CPU.Build.0 = Debug|Any CPU
		{7790285B-E2EE-440B-8EA6-D27BBE6006D9}.Debug|x64.ActiveCfg = Debug|x64
		{7790285B-E2EE-440B-8EA6-D27BBE6006D9}.Debug|x64.Build.0 = Debug|x64
		{7790285B-E2EE-440B-8EA6-D27BBE6006D9}.Release|Any CPU.ActiveCfg = Release|Any CPU
		{7790285B-E2EE-440B-8EA6-D27BBE6006D9}.Release|Any CPU.Build.0 = Release|Any CPU
		{7790285B-E2EE-440B-8EA6-D27BBE6006D9}.Release|x64.ActiveCfg = Release|Any CPU
		{7790285B-E2EE-440B-8EA6-D27BBE6006D9}.Release|x64.Build.0 = Release|Any CPU
	EndGlobalSection
	GlobalSection(SolutionProperties) = preSolution
		HideSolutionNode = FALSE
	EndGlobalSection
	GlobalSection(ExtensibilityGlobals) = postSolution
		SolutionGuid = {220A93F7-5C89-47EB-8A9B-110518EB0F8E}
	EndGlobalSection
EndGlobal
